
Microsoft Visual Studio Solution File, Format Version 12.00
# Visual Studio Version 16
VisualStudioVersion = 16.0.29911.84
MinimumVisualStudioVersion = 10.0.40219.1
Project("{FAE04EC0-301F-11D3-BF4B-00C04F79EFBC}") = "MFG-00543", "TestDataVerificationTool\MFG-00543.csproj", "{CEC54E1F-55EB-4586-BA71-4FF16959FF52}"
EndProject
Project("{54435603-DBB4-11D2-8724-00A0C9A8B90C}") = "Installer", "Installer\Installer.vdproj", "{BC97AE0B-0368-4FC9-A86D-86E8C9AF0169}"
EndProject
Global
	GlobalSection(SolutionConfigurationPlatforms) = preSolution
		Debug|Any CPU = Debug|Any CPU
		Release|Any CPU = Release|Any CPU
	EndGlobalSection
	GlobalSection(ProjectConfigurationPlatforms) = postSolution
		{CEC54E1F-55EB-4586-BA71-4FF16959FF52}.Debug|Any CPU.ActiveCfg = Debug|Any CPU
		{CEC54E1F-55EB-4586-BA71-4FF16959FF52}.Debug|Any CPU.Build.0 = Debug|Any CPU
		{CEC54E1F-55EB-4586-BA71-4FF16959FF52}.Release|Any CPU.ActiveCfg = Release|Any CPU
		{CEC54E1F-55EB-4586-BA71-4FF16959FF52}.Release|Any CPU.Build.0 = Release|Any CPU
		{BC97AE0B-0368-4FC9-A86D-86E8C9AF0169}.Debug|Any CPU.ActiveCfg = Debug
		{BC97AE0B-0368-4FC9-A86D-86E8C9AF0169}.Release|Any CPU.ActiveCfg = Release
		{BC97AE0B-0368-4FC9-A86D-86E8C9AF0169}.Release|Any CPU.Build.0 = Release
	EndGlobalSection
	GlobalSection(SolutionProperties) = preSolution
		HideSolutionNode = FALSE
	EndGlobalSection
	GlobalSection(ExtensibilityGlobals) = postSolution
		SolutionGuid = {D8EFA499-F03E-40F0-994E-E6071C80A6C1}
	EndGlobalSection
EndGlobal
